
Microsoft Visual Studio Solution File, Format Version 12.00
# Visual Studio 15
VisualStudioVersion = 15.0.28307.421
MinimumVisualStudioVersion = 10.0.40219.1
Project("{8BC9CEB8-8B4A-11D0-8D11-00A0C91BC942}") = "RestaurantManagementSystem", "RestaurantManagementSystem\RestaurantManagementSystem.vcxproj", "{DC459A97-F97D-44D7-9B1E-14397C8AFB57}"
EndProject
Global
	GlobalSection(SolutionConfigurationPlatforms) = preSolution
		Debug|x64 = Debug|x64
		Debug|x86 = Debug|x86
		Release|x64 = Release|x64
		Release|x86 = Release|x86
	EndGlobalSection
	GlobalSection(ProjectConfigurationPlatforms) = postSolution
		{DC459A97-F97D-44D7-9B1E-14397C8AFB57}.Debug|x64.ActiveCfg = Debug|x64
		{DC459A97-F97D-44D7-9B1E-14397C8AFB57}.Debug|x64.Build.0 = Debug|x64
		{DC459A97-F97D-44D7-9B1E-14397C8AFB57}.Debug|x86.ActiveCfg = Debug|Win32
		{DC459A97-F97D-44D7-9B1E-14397C8AFB57}.Debug|x86.Build.0 = Debug|Win32
		{DC459A97-F97D-44D7-9B1E-14397C8AFB57}.Release|x64.ActiveCfg = Release|x64
		{DC459A97-F97D-44D7-9B1E-14397C8AFB57}.Release|x64.Build.0 = Release|x64
		{DC459A97-F97D-44D7-9B1E-14397C8AFB57}.Release|x86.ActiveCfg = Release|Win32
		{DC459A97-F97D-44D7-9B1E-14397C8AFB57}.Release|x86.Build.0 = Release|Win32
	EndGlobalSection
	GlobalSection(SolutionProperties) = preSolution
		HideSolutionNode = FALSE
	EndGlobalSection
	GlobalSection(ExtensibilityGlobals) = postSolution
		SolutionGuid = {8A211122-FD6D-4129-8250-CFC112960115}
	EndGlobalSection
EndGlobal
